// !$*UTF8*$!
{
	archiveVersion = 1;
	classes = {
	};
	objectVersion = 46;
	objects = {

/* Begin PBXBuildFile section */
		5130A01021571965009205CB /* wired-expected.html in Resources */ = {isa = PBXBuildFile; fileRef = 5130A00F21571965009205CB /* wired-expected.html */; };
		5130A0242159B525009205CB /* NYTimesTest.swift in Sources */ = {isa = PBXBuildFile; fileRef = 5130A0232159B525009205CB /* NYTimesTest.swift */; };
		5130A0272159B5A9009205CB /* nytimes-expected.html in Resources */ = {isa = PBXBuildFile; fileRef = 5130A0252159B5A9009205CB /* nytimes-expected.html */; };
		5130A0282159B5A9009205CB /* nytimes-input.html in Resources */ = {isa = PBXBuildFile; fileRef = 5130A0262159B5A9009205CB /* nytimes-input.html */; };
		514A6D52217A15AA003BF3E1 /* MacworldTest.swift in Sources */ = {isa = PBXBuildFile; fileRef = 514A6D50217A1517003BF3E1 /* MacworldTest.swift */; };
		514A6D53217A15CC003BF3E1 /* macworld-expected.html in Resources */ = {isa = PBXBuildFile; fileRef = 514A6D4C217A14FA003BF3E1 /* macworld-expected.html */; };
		514A6D56217A17F7003BF3E1 /* macworld-input.html in Resources */ = {isa = PBXBuildFile; fileRef = 514A6D4D217A14FB003BF3E1 /* macworld-input.html */; };
		516EB25E215CFDB3005B31DB /* incompatible_hosts.txt in Resources */ = {isa = PBXBuildFile; fileRef = 516EB25D215CFDB3005B31DB /* incompatible_hosts.txt */; };
		516EB261215CFF4F005B31DB /* ContentExtractorTest.swift in Sources */ = {isa = PBXBuildFile; fileRef = 516EB260215CFF4F005B31DB /* ContentExtractorTest.swift */; };
		51B8A08821542E7400EEA621 /* stopwords.txt in Resources */ = {isa = PBXBuildFile; fileRef = 51B8A08621542E5400EEA621 /* stopwords.txt */; };
		51B8A10F215706B700EEA621 /* wired-input.html in Resources */ = {isa = PBXBuildFile; fileRef = 51B8A10D215706B700EEA621 /* wired-input.html */; };
		51B8A1112157071700EEA621 /* VinContentBaseTest.swift in Sources */ = {isa = PBXBuildFile; fileRef = 51B8A1102157071700EEA621 /* VinContentBaseTest.swift */; };
		51BBF2F521BC2693007E79DC /* XMLAttributes.swift in Sources */ = {isa = PBXBuildFile; fileRef = 51BBF2EA21BC2693007E79DC /* XMLAttributes.swift */; };
		51BBF2F621BC2693007E79DC /* XMLDocument.swift in Sources */ = {isa = PBXBuildFile; fileRef = 51BBF2EB21BC2693007E79DC /* XMLDocument.swift */; };
		51BBF2F721BC2693007E79DC /* XMLNodes.swift in Sources */ = {isa = PBXBuildFile; fileRef = 51BBF2EC21BC2693007E79DC /* XMLNodes.swift */; };
		51BBF2F821BC2693007E79DC /* XMLNodeType.swift in Sources */ = {isa = PBXBuildFile; fileRef = 51BBF2EE21BC2693007E79DC /* XMLNodeType.swift */; };
		51BBF2F921BC2693007E79DC /* String+VinXML.swift in Sources */ = {isa = PBXBuildFile; fileRef = 51BBF2EF21BC2693007E79DC /* String+VinXML.swift */; };
		51BBF2FA21BC2693007E79DC /* XMLVisitorHost.swift in Sources */ = {isa = PBXBuildFile; fileRef = 51BBF2F021BC2693007E79DC /* XMLVisitorHost.swift */; };
		51BBF2FB21BC2693007E79DC /* XMLVisitor.swift in Sources */ = {isa = PBXBuildFile; fileRef = 51BBF2F121BC2693007E79DC /* XMLVisitor.swift */; };
		51BBF2FC21BC2693007E79DC /* XMLNode.swift in Sources */ = {isa = PBXBuildFile; fileRef = 51BBF2F221BC2693007E79DC /* XMLNode.swift */; };
		51BBF2FD21BC2693007E79DC /* XMLXPath.swift in Sources */ = {isa = PBXBuildFile; fileRef = 51BBF2F421BC2693007E79DC /* XMLXPath.swift */; };
		OBJ_38 /* ContentArticle.swift in Sources */ = {isa = PBXBuildFile; fileRef = OBJ_9 /* ContentArticle.swift */; };
		OBJ_39 /* ContentExtractingVisitor.swift in Sources */ = {isa = PBXBuildFile; fileRef = OBJ_10 /* ContentExtractingVisitor.swift */; };
		OBJ_40 /* ContentExtractor.swift in Sources */ = {isa = PBXBuildFile; fileRef = OBJ_11 /* ContentExtractor.swift */; };
		OBJ_42 /* ContentPostScrubbingVisitor.swift in Sources */ = {isa = PBXBuildFile; fileRef = OBJ_13 /* ContentPostScrubbingVisitor.swift */; };
		OBJ_43 /* ContentPreScrubbingVisitor.swift in Sources */ = {isa = PBXBuildFile; fileRef = OBJ_14 /* ContentPreScrubbingVisitor.swift */; };
		OBJ_44 /* ContentScoringVisitor.swift in Sources */ = {isa = PBXBuildFile; fileRef = OBJ_15 /* ContentScoringVisitor.swift */; };
		OBJ_45 /* ContentSystemScrubbingVisitor.swift in Sources */ = {isa = PBXBuildFile; fileRef = OBJ_16 /* ContentSystemScrubbingVisitor.swift */; };
		OBJ_46 /* Date+.swift in Sources */ = {isa = PBXBuildFile; fileRef = OBJ_17 /* Date+.swift */; };
		OBJ_47 /* DateFormatter+.swift in Sources */ = {isa = PBXBuildFile; fileRef = OBJ_18 /* DateFormatter+.swift */; };
		OBJ_48 /* StopWords.swift in Sources */ = {isa = PBXBuildFile; fileRef = OBJ_19 /* StopWords.swift */; };
		OBJ_49 /* String+.swift in Sources */ = {isa = PBXBuildFile; fileRef = OBJ_20 /* String+.swift */; };
		OBJ_52 /* XMLDocument+.swift in Sources */ = {isa = PBXBuildFile; fileRef = OBJ_23 /* XMLDocument+.swift */; };
		OBJ_53 /* XMLNode+.swift in Sources */ = {isa = PBXBuildFile; fileRef = OBJ_24 /* XMLNode+.swift */; };
		OBJ_71 /* WiredTest.swift in Sources */ = {isa = PBXBuildFile; fileRef = OBJ_27 /* WiredTest.swift */; };
		OBJ_75 /* VinContent.framework in Frameworks */ = {isa = PBXBuildFile; fileRef = "VinContent::VinContent::Product" /* VinContent.framework */; };
/* End PBXBuildFile section */

/* Begin PBXContainerItemProxy section */
		5116331D215419AF0043643C /* PBXContainerItemProxy */ = {
			isa = PBXContainerItemProxy;
			containerPortal = OBJ_1 /* Project object */;
			proxyType = 1;
			remoteGlobalIDString = "VinContent::VinContent";
			remoteInfo = VinContent;
		};
/* End PBXContainerItemProxy section */

/* Begin PBXFileReference section */
		5116331F215419DB0043643C /* README.md */ = {isa = PBXFileReference; lastKnownFileType = net.daringfireball.markdown; path = README.md; sourceTree = "<group>"; };
		5130A00F21571965009205CB /* wired-expected.html */ = {isa = PBXFileReference; fileEncoding = 4; lastKnownFileType = text.html; path = "wired-expected.html"; sourceTree = "<group>"; };
		5130A0232159B525009205CB /* NYTimesTest.swift */ = {isa = PBXFileReference; lastKnownFileType = sourcecode.swift; path = NYTimesTest.swift; sourceTree = "<group>"; };
		5130A0252159B5A9009205CB /* nytimes-expected.html */ = {isa = PBXFileReference; fileEncoding = 4; lastKnownFileType = text.html; path = "nytimes-expected.html"; sourceTree = "<group>"; };
		5130A0262159B5A9009205CB /* nytimes-input.html */ = {isa = PBXFileReference; fileEncoding = 4; lastKnownFileType = text.html; path = "nytimes-input.html"; sourceTree = "<group>"; };
		514A6D4C217A14FA003BF3E1 /* macworld-expected.html */ = {isa = PBXFileReference; fileEncoding = 4; lastKnownFileType = text.html; path = "macworld-expected.html"; sourceTree = "<group>"; };
		514A6D4D217A14FB003BF3E1 /* macworld-input.html */ = {isa = PBXFileReference; fileEncoding = 4; lastKnownFileType = text.html; path = "macworld-input.html"; sourceTree = "<group>"; };
		514A6D50217A1517003BF3E1 /* MacworldTest.swift */ = {isa = PBXFileReference; lastKnownFileType = sourcecode.swift; path = MacworldTest.swift; sourceTree = "<group>"; };
		516EB25D215CFDB3005B31DB /* incompatible_hosts.txt */ = {isa = PBXFileReference; lastKnownFileType = text; path = incompatible_hosts.txt; sourceTree = "<group>"; };
		516EB260215CFF4F005B31DB /* ContentExtractorTest.swift */ = {isa = PBXFileReference; lastKnownFileType = sourcecode.swift; path = ContentExtractorTest.swift; sourceTree = "<group>"; };
		51B8A074215425E900EEA621 /* VinXML.framework */ = {isa = PBXFileReference; explicitFileType = wrapper.framework; path = VinXML.framework; sourceTree = BUILT_PRODUCTS_DIR; };
		51B8A07F215429E500EEA621 /* libxml2.2.tbd */ = {isa = PBXFileReference; lastKnownFileType = "sourcecode.text-based-dylib-definition"; name = libxml2.2.tbd; path = usr/lib/libxml2.2.tbd; sourceTree = SDKROOT; };
		51B8A08621542E5400EEA621 /* stopwords.txt */ = {isa = PBXFileReference; lastKnownFileType = text; path = stopwords.txt; sourceTree = "<group>"; };
		51B8A10D215706B700EEA621 /* wired-input.html */ = {isa = PBXFileReference; fileEncoding = 4; lastKnownFileType = text.html; path = "wired-input.html"; sourceTree = "<group>"; };
		51B8A1102157071700EEA621 /* VinContentBaseTest.swift */ = {isa = PBXFileReference; lastKnownFileType = sourcecode.swift; path = VinContentBaseTest.swift; sourceTree = "<group>"; };
		51BBF2EA21BC2693007E79DC /* XMLAttributes.swift */ = {isa = PBXFileReference; fileEncoding = 4; lastKnownFileType = sourcecode.swift; path = XMLAttributes.swift; sourceTree = "<group>"; };
		51BBF2EB21BC2693007E79DC /* XMLDocument.swift */ = {isa = PBXFileReference; fileEncoding = 4; lastKnownFileType = sourcecode.swift; path = XMLDocument.swift; sourceTree = "<group>"; };
		51BBF2EC21BC2693007E79DC /* XMLNodes.swift */ = {isa = PBXFileReference; fileEncoding = 4; lastKnownFileType = sourcecode.swift; path = XMLNodes.swift; sourceTree = "<group>"; };
		51BBF2ED21BC2693007E79DC /* libxml2.h */ = {isa = PBXFileReference; fileEncoding = 4; lastKnownFileType = sourcecode.c.h; path = libxml2.h; sourceTree = "<group>"; };
		51BBF2EE21BC2693007E79DC /* XMLNodeType.swift */ = {isa = PBXFileReference; fileEncoding = 4; lastKnownFileType = sourcecode.swift; path = XMLNodeType.swift; sourceTree = "<group>"; };
		51BBF2EF21BC2693007E79DC /* String+VinXML.swift */ = {isa = PBXFileReference; fileEncoding = 4; lastKnownFileType = sourcecode.swift; path = "String+VinXML.swift"; sourceTree = "<group>"; };
		51BBF2F021BC2693007E79DC /* XMLVisitorHost.swift */ = {isa = PBXFileReference; fileEncoding = 4; lastKnownFileType = sourcecode.swift; path = XMLVisitorHost.swift; sourceTree = "<group>"; };
		51BBF2F121BC2693007E79DC /* XMLVisitor.swift */ = {isa = PBXFileReference; fileEncoding = 4; lastKnownFileType = sourcecode.swift; path = XMLVisitor.swift; sourceTree = "<group>"; };
		51BBF2F221BC2693007E79DC /* XMLNode.swift */ = {isa = PBXFileReference; fileEncoding = 4; lastKnownFileType = sourcecode.swift; path = XMLNode.swift; sourceTree = "<group>"; };
		51BBF2F321BC2693007E79DC /* module.modulemap */ = {isa = PBXFileReference; fileEncoding = 4; lastKnownFileType = "sourcecode.module-map"; path = module.modulemap; sourceTree = "<group>"; };
		51BBF2F421BC2693007E79DC /* XMLXPath.swift */ = {isa = PBXFileReference; fileEncoding = 4; lastKnownFileType = sourcecode.swift; path = XMLXPath.swift; sourceTree = "<group>"; };
		OBJ_10 /* ContentExtractingVisitor.swift */ = {isa = PBXFileReference; lastKnownFileType = sourcecode.swift; path = ContentExtractingVisitor.swift; sourceTree = "<group>"; };
		OBJ_11 /* ContentExtractor.swift */ = {isa = PBXFileReference; lastKnownFileType = sourcecode.swift; path = ContentExtractor.swift; sourceTree = "<group>"; };
		OBJ_13 /* ContentPostScrubbingVisitor.swift */ = {isa = PBXFileReference; lastKnownFileType = sourcecode.swift; path = ContentPostScrubbingVisitor.swift; sourceTree = "<group>"; };
		OBJ_14 /* ContentPreScrubbingVisitor.swift */ = {isa = PBXFileReference; lastKnownFileType = sourcecode.swift; path = ContentPreScrubbingVisitor.swift; sourceTree = "<group>"; };
		OBJ_15 /* ContentScoringVisitor.swift */ = {isa = PBXFileReference; lastKnownFileType = sourcecode.swift; path = ContentScoringVisitor.swift; sourceTree = "<group>"; };
		OBJ_16 /* ContentSystemScrubbingVisitor.swift */ = {isa = PBXFileReference; lastKnownFileType = sourcecode.swift; path = ContentSystemScrubbingVisitor.swift; sourceTree = "<group>"; };
		OBJ_17 /* Date+.swift */ = {isa = PBXFileReference; lastKnownFileType = sourcecode.swift; path = "Date+.swift"; sourceTree = "<group>"; };
		OBJ_18 /* DateFormatter+.swift */ = {isa = PBXFileReference; lastKnownFileType = sourcecode.swift; path = "DateFormatter+.swift"; sourceTree = "<group>"; };
		OBJ_19 /* StopWords.swift */ = {isa = PBXFileReference; lastKnownFileType = sourcecode.swift; path = StopWords.swift; sourceTree = "<group>"; };
		OBJ_20 /* String+.swift */ = {isa = PBXFileReference; lastKnownFileType = sourcecode.swift; path = "String+.swift"; sourceTree = "<group>"; };
		OBJ_23 /* XMLDocument+.swift */ = {isa = PBXFileReference; lastKnownFileType = sourcecode.swift; path = "XMLDocument+.swift"; sourceTree = "<group>"; };
		OBJ_24 /* XMLNode+.swift */ = {isa = PBXFileReference; lastKnownFileType = sourcecode.swift; path = "XMLNode+.swift"; sourceTree = "<group>"; };
		OBJ_27 /* WiredTest.swift */ = {isa = PBXFileReference; lastKnownFileType = sourcecode.swift; path = WiredTest.swift; sourceTree = "<group>"; };
		OBJ_6 /* Package.swift */ = {isa = PBXFileReference; explicitFileType = sourcecode.swift; path = Package.swift; sourceTree = "<group>"; };
		OBJ_9 /* ContentArticle.swift */ = {isa = PBXFileReference; lastKnownFileType = sourcecode.swift; path = ContentArticle.swift; sourceTree = "<group>"; };
		"VinContent::VinContent::Product" /* VinContent.framework */ = {isa = PBXFileReference; explicitFileType = wrapper.framework; path = VinContent.framework; sourceTree = BUILT_PRODUCTS_DIR; };
		"VinContent::VinContentTests::Product" /* VinContentTests.xctest */ = {isa = PBXFileReference; lastKnownFileType = file; path = VinContentTests.xctest; sourceTree = BUILT_PRODUCTS_DIR; };
/* End PBXFileReference section */

/* Begin PBXFrameworksBuildPhase section */
		OBJ_54 /* Frameworks */ = {
			isa = PBXFrameworksBuildPhase;
			buildActionMask = 0;
			files = (
			);
			runOnlyForDeploymentPostprocessing = 0;
		};
		OBJ_74 /* Frameworks */ = {
			isa = PBXFrameworksBuildPhase;
			buildActionMask = 0;
			files = (
				OBJ_75 /* VinContent.framework in Frameworks */,
			);
			runOnlyForDeploymentPostprocessing = 0;
		};
/* End PBXFrameworksBuildPhase section */

/* Begin PBXGroup section */
		516EB25F215CFE25005B31DB /* HTML */ = {
			isa = PBXGroup;
			children = (
				514A6D4C217A14FA003BF3E1 /* macworld-expected.html */,
				514A6D4D217A14FB003BF3E1 /* macworld-input.html */,
				51B8A10D215706B700EEA621 /* wired-input.html */,
				5130A00F21571965009205CB /* wired-expected.html */,
				5130A0252159B5A9009205CB /* nytimes-expected.html */,
				5130A0262159B5A9009205CB /* nytimes-input.html */,
			);
			path = HTML;
			sourceTree = "<group>";
		};
		51B8A073215425E900EEA621 /* Frameworks */ = {
			isa = PBXGroup;
			children = (
				51B8A07F215429E500EEA621 /* libxml2.2.tbd */,
				51B8A074215425E900EEA621 /* VinXML.framework */,
			);
			name = Frameworks;
			sourceTree = "<group>";
		};
		51BBF2E921BC2693007E79DC /* VinXML */ = {
			isa = PBXGroup;
			children = (
				51BBF2EA21BC2693007E79DC /* XMLAttributes.swift */,
				51BBF2EB21BC2693007E79DC /* XMLDocument.swift */,
				51BBF2EC21BC2693007E79DC /* XMLNodes.swift */,
				51BBF2ED21BC2693007E79DC /* libxml2.h */,
				51BBF2EE21BC2693007E79DC /* XMLNodeType.swift */,
				51BBF2EF21BC2693007E79DC /* String+VinXML.swift */,
				51BBF2F021BC2693007E79DC /* XMLVisitorHost.swift */,
				51BBF2F121BC2693007E79DC /* XMLVisitor.swift */,
				51BBF2F221BC2693007E79DC /* XMLNode.swift */,
				51BBF2F321BC2693007E79DC /* module.modulemap */,
				51BBF2F421BC2693007E79DC /* XMLXPath.swift */,
			);
			name = VinXML;
			path = Sources/VinXML;
			sourceTree = "<group>";
		};
		OBJ_25 /* Tests */ = {
			isa = PBXGroup;
			children = (
				OBJ_26 /* VinContentTests */,
			);
			name = Tests;
			sourceTree = SOURCE_ROOT;
		};
		OBJ_26 /* VinContentTests */ = {
			isa = PBXGroup;
			children = (
				516EB25F215CFE25005B31DB /* HTML */,
				516EB260215CFF4F005B31DB /* ContentExtractorTest.swift */,
				51B8A1102157071700EEA621 /* VinContentBaseTest.swift */,
				OBJ_27 /* WiredTest.swift */,
				5130A0232159B525009205CB /* NYTimesTest.swift */,
				514A6D50217A1517003BF3E1 /* MacworldTest.swift */,
			);
			name = VinContentTests;
			path = Tests/VinContentTests;
			sourceTree = SOURCE_ROOT;
		};
		OBJ_30 /* Products */ = {
			isa = PBXGroup;
			children = (
				"VinContent::VinContentTests::Product" /* VinContentTests.xctest */,
				"VinContent::VinContent::Product" /* VinContent.framework */,
			);
			name = Products;
			sourceTree = BUILT_PRODUCTS_DIR;
		};
		OBJ_5 = {
			isa = PBXGroup;
			children = (
				5116331F215419DB0043643C /* README.md */,
				OBJ_6 /* Package.swift */,
				OBJ_7 /* Sources */,
				OBJ_25 /* Tests */,
				OBJ_30 /* Products */,
				51B8A073215425E900EEA621 /* Frameworks */,
			);
			sourceTree = "<group>";
		};
		OBJ_7 /* Sources */ = {
			isa = PBXGroup;
			children = (
				OBJ_8 /* VinContent */,
				51BBF2E921BC2693007E79DC /* VinXML */,
			);
			name = Sources;
			sourceTree = SOURCE_ROOT;
		};
		OBJ_8 /* VinContent */ = {
			isa = PBXGroup;
			children = (
				OBJ_9 /* ContentArticle.swift */,
				OBJ_10 /* ContentExtractingVisitor.swift */,
				OBJ_11 /* ContentExtractor.swift */,
				OBJ_13 /* ContentPostScrubbingVisitor.swift */,
				OBJ_14 /* ContentPreScrubbingVisitor.swift */,
				OBJ_15 /* ContentScoringVisitor.swift */,
				OBJ_16 /* ContentSystemScrubbingVisitor.swift */,
				OBJ_17 /* Date+.swift */,
				OBJ_18 /* DateFormatter+.swift */,
				516EB25D215CFDB3005B31DB /* incompatible_hosts.txt */,
				OBJ_19 /* StopWords.swift */,
				51B8A08621542E5400EEA621 /* stopwords.txt */,
				OBJ_20 /* String+.swift */,
				OBJ_23 /* XMLDocument+.swift */,
				OBJ_24 /* XMLNode+.swift */,
			);
			name = VinContent;
			path = Sources/VinContent;
			sourceTree = SOURCE_ROOT;
		};
/* End PBXGroup section */

/* Begin PBXNativeTarget section */
		"VinContent::VinContent" /* VinContent */ = {
			isa = PBXNativeTarget;
			buildConfigurationList = OBJ_34 /* Build configuration list for PBXNativeTarget "VinContent" */;
			buildPhases = (
				OBJ_37 /* Sources */,
				OBJ_54 /* Frameworks */,
				51B8A08721542E6D00EEA621 /* Resources */,
			);
			buildRules = (
			);
			dependencies = (
			);
			name = VinContent;
			productName = VinContent;
			productReference = "VinContent::VinContent::Product" /* VinContent.framework */;
			productType = "com.apple.product-type.framework";
		};
		"VinContent::VinContentTests" /* VinContentTests */ = {
			isa = PBXNativeTarget;
			buildConfigurationList = OBJ_67 /* Build configuration list for PBXNativeTarget "VinContentTests" */;
			buildPhases = (
				OBJ_70 /* Sources */,
				OBJ_74 /* Frameworks */,
				51B8A08B21542FA200EEA621 /* Resources */,
			);
			buildRules = (
			);
			dependencies = (
				OBJ_76 /* PBXTargetDependency */,
			);
			name = VinContentTests;
			productName = VinContentTests;
			productReference = "VinContent::VinContentTests::Product" /* VinContentTests.xctest */;
			productType = "com.apple.product-type.bundle.unit-test";
		};
/* End PBXNativeTarget section */

/* Begin PBXProject section */
		OBJ_1 /* Project object */ = {
			isa = PBXProject;
			attributes = {
				LastUpgradeCheck = 9999;
			};
			buildConfigurationList = OBJ_2 /* Build configuration list for PBXProject "VinContent" */;
			compatibilityVersion = "Xcode 3.2";
			developmentRegion = English;
			hasScannedForEncodings = 0;
			knownRegions = (
				en,
			);
			mainGroup = OBJ_5;
			productRefGroup = OBJ_30 /* Products */;
			projectDirPath = "";
			projectRoot = "";
			targets = (
				"VinContent::VinContent" /* VinContent */,
				"VinContent::VinContentTests" /* VinContentTests */,
			);
		};
/* End PBXProject section */

/* Begin PBXResourcesBuildPhase section */
		51B8A08721542E6D00EEA621 /* Resources */ = {
			isa = PBXResourcesBuildPhase;
			buildActionMask = 2147483647;
			files = (
				51B8A08821542E7400EEA621 /* stopwords.txt in Resources */,
				516EB25E215CFDB3005B31DB /* incompatible_hosts.txt in Resources */,
			);
			runOnlyForDeploymentPostprocessing = 0;
		};
		51B8A08B21542FA200EEA621 /* Resources */ = {
			isa = PBXResourcesBuildPhase;
			buildActionMask = 2147483647;
			files = (
				5130A01021571965009205CB /* wired-expected.html in Resources */,
				514A6D53217A15CC003BF3E1 /* macworld-expected.html in Resources */,
				514A6D56217A17F7003BF3E1 /* macworld-input.html in Resources */,
				51B8A10F215706B700EEA621 /* wired-input.html in Resources */,
				5130A0272159B5A9009205CB /* nytimes-expected.html in Resources */,
				5130A0282159B5A9009205CB /* nytimes-input.html in Resources */,
			);
			runOnlyForDeploymentPostprocessing = 0;
		};
/* End PBXResourcesBuildPhase section */

/* Begin PBXSourcesBuildPhase section */
		OBJ_37 /* Sources */ = {
			isa = PBXSourcesBuildPhase;
			buildActionMask = 0;
			files = (
				51BBF2F621BC2693007E79DC /* XMLDocument.swift in Sources */,
				51BBF2F521BC2693007E79DC /* XMLAttributes.swift in Sources */,
				OBJ_38 /* ContentArticle.swift in Sources */,
				51BBF2F721BC2693007E79DC /* XMLNodes.swift in Sources */,
				OBJ_39 /* ContentExtractingVisitor.swift in Sources */,
				OBJ_40 /* ContentExtractor.swift in Sources */,
				OBJ_42 /* ContentPostScrubbingVisitor.swift in Sources */,
				OBJ_43 /* ContentPreScrubbingVisitor.swift in Sources */,
				51BBF2FB21BC2693007E79DC /* XMLVisitor.swift in Sources */,
				OBJ_44 /* ContentScoringVisitor.swift in Sources */,
				OBJ_45 /* ContentSystemScrubbingVisitor.swift in Sources */,
				51BBF2F921BC2693007E79DC /* String+VinXML.swift in Sources */,
				OBJ_46 /* Date+.swift in Sources */,
				OBJ_47 /* DateFormatter+.swift in Sources */,
				OBJ_48 /* StopWords.swift in Sources */,
				OBJ_49 /* String+.swift in Sources */,
				51BBF2FC21BC2693007E79DC /* XMLNode.swift in Sources */,
				51BBF2FD21BC2693007E79DC /* XMLXPath.swift in Sources */,
				51BBF2F821BC2693007E79DC /* XMLNodeType.swift in Sources */,
				OBJ_52 /* XMLDocument+.swift in Sources */,
				OBJ_53 /* XMLNode+.swift in Sources */,
				51BBF2FA21BC2693007E79DC /* XMLVisitorHost.swift in Sources */,
			);
			runOnlyForDeploymentPostprocessing = 0;
		};
		OBJ_70 /* Sources */ = {
			isa = PBXSourcesBuildPhase;
			buildActionMask = 0;
			files = (
				514A6D52217A15AA003BF3E1 /* MacworldTest.swift in Sources */,
				516EB261215CFF4F005B31DB /* ContentExtractorTest.swift in Sources */,
				51B8A1112157071700EEA621 /* VinContentBaseTest.swift in Sources */,
				OBJ_71 /* WiredTest.swift in Sources */,
				5130A0242159B525009205CB /* NYTimesTest.swift in Sources */,
			);
			runOnlyForDeploymentPostprocessing = 0;
		};
/* End PBXSourcesBuildPhase section */

/* Begin PBXTargetDependency section */
		OBJ_76 /* PBXTargetDependency */ = {
			isa = PBXTargetDependency;
			target = "VinContent::VinContent" /* VinContent */;
			targetProxy = 5116331D215419AF0043643C /* PBXContainerItemProxy */;
		};
/* End PBXTargetDependency section */

/* Begin XCBuildConfiguration section */
		OBJ_3 /* Debug */ = {
			isa = XCBuildConfiguration;
			buildSettings = {
				CLANG_ENABLE_OBJC_ARC = YES;
				COMBINE_HIDPI_IMAGES = YES;
				COPY_PHASE_STRIP = NO;
				DEBUG_INFORMATION_FORMAT = dwarf;
				DYLIB_INSTALL_NAME_BASE = "@rpath";
				ENABLE_NS_ASSERTIONS = YES;
				GCC_OPTIMIZATION_LEVEL = 0;
				GCC_PREPROCESSOR_DEFINITIONS = (
					"DEBUG=1",
					"$(inherited)",
				);
				HEADER_SEARCH_PATHS = "$(SDKROOT)/usr/include/libxml2";
				MACOSX_DEPLOYMENT_TARGET = 10.10;
				ONLY_ACTIVE_ARCH = YES;
				OTHER_SWIFT_FLAGS = "-DXcode";
				PRODUCT_NAME = "$(TARGET_NAME)";
				SDKROOT = macosx;
				SUPPORTED_PLATFORMS = "macosx iphoneos iphonesimulator appletvos appletvsimulator watchos watchsimulator";
				SWIFT_ACTIVE_COMPILATION_CONDITIONS = "SWIFT_PACKAGE DEBUG";
				SWIFT_ENABLE_BATCH_MODE = YES;
				SWIFT_INCLUDE_PATHS = "";
				SWIFT_INSTALL_OBJC_HEADER = YES;
				SWIFT_OPTIMIZATION_LEVEL = "-Onone";
				USE_HEADERMAP = NO;
			};
			name = Debug;
		};
		OBJ_35 /* Debug */ = {
			isa = XCBuildConfiguration;
			buildSettings = {
				ENABLE_TESTABILITY = YES;
				FRAMEWORK_SEARCH_PATHS = (
					"$(inherited)",
					"$(PLATFORM_DIR)/Developer/Library/Frameworks",
				);
				HEADER_SEARCH_PATHS = "$(inherited)";
				INFOPLIST_FILE = VinContent.xcodeproj/VinContent_Info.plist;
				LD_RUNPATH_SEARCH_PATHS = "$(inherited) $(TOOLCHAIN_DIR)/usr/lib/swift/macosx";
				OTHER_CFLAGS = "$(inherited)";
				OTHER_LDFLAGS = "$(inherited)";
				OTHER_SWIFT_FLAGS = "$(inherited)";
				PRODUCT_BUNDLE_IDENTIFIER = VinContent;
				PRODUCT_MODULE_NAME = "$(TARGET_NAME:c99extidentifier)";
				PRODUCT_NAME = "$(TARGET_NAME:c99extidentifier)";
				SKIP_INSTALL = YES;
				SWIFT_ACTIVE_COMPILATION_CONDITIONS = "$(inherited)";
				SWIFT_ENABLE_BATCH_MODE = "";
				SWIFT_INCLUDE_PATHS = "$(SRCROOT)/Sources/VinXML";
				SWIFT_VERSION = 4.2;
				TARGET_NAME = VinContent;
			};
			name = Debug;
		};
		OBJ_36 /* Release */ = {
			isa = XCBuildConfiguration;
			buildSettings = {
				ENABLE_TESTABILITY = YES;
				FRAMEWORK_SEARCH_PATHS = (
					"$(inherited)",
					"$(PLATFORM_DIR)/Developer/Library/Frameworks",
				);
				HEADER_SEARCH_PATHS = "$(inherited)";
				INFOPLIST_FILE = VinContent.xcodeproj/VinContent_Info.plist;
				LD_RUNPATH_SEARCH_PATHS = "$(inherited) $(TOOLCHAIN_DIR)/usr/lib/swift/macosx";
				OTHER_CFLAGS = "$(inherited)";
				OTHER_LDFLAGS = "$(inherited)";
				OTHER_SWIFT_FLAGS = "$(inherited)";
				PRODUCT_BUNDLE_IDENTIFIER = VinContent;
				PRODUCT_MODULE_NAME = "$(TARGET_NAME:c99extidentifier)";
				PRODUCT_NAME = "$(TARGET_NAME:c99extidentifier)";
				SKIP_INSTALL = YES;
				SWIFT_ACTIVE_COMPILATION_CONDITIONS = "$(inherited)";
				SWIFT_ENABLE_BATCH_MODE = "";
				SWIFT_INCLUDE_PATHS = "$(SRCROOT)/Sources/VinXML";
				SWIFT_VERSION = 4.2;
				TARGET_NAME = VinContent;
			};
			name = Release;
		};
		OBJ_4 /* Release */ = {
			isa = XCBuildConfiguration;
			buildSettings = {
				CLANG_ENABLE_OBJC_ARC = YES;
				COMBINE_HIDPI_IMAGES = YES;
				COPY_PHASE_STRIP = YES;
				DEBUG_INFORMATION_FORMAT = "dwarf-with-dsym";
				DYLIB_INSTALL_NAME_BASE = "@rpath";
				GCC_OPTIMIZATION_LEVEL = s;
				HEADER_SEARCH_PATHS = "$(SDKROOT)/usr/include/libxml2";
				MACOSX_DEPLOYMENT_TARGET = 10.10;
				OTHER_SWIFT_FLAGS = "-DXcode";
				PRODUCT_NAME = "$(TARGET_NAME)";
				SDKROOT = macosx;
				SUPPORTED_PLATFORMS = "macosx iphoneos iphonesimulator appletvos appletvsimulator watchos watchsimulator";
				SWIFT_ACTIVE_COMPILATION_CONDITIONS = SWIFT_PACKAGE;
				SWIFT_ENABLE_BATCH_MODE = YES;
				SWIFT_INCLUDE_PATHS = "";
				SWIFT_INSTALL_OBJC_HEADER = YES;
				SWIFT_OPTIMIZATION_LEVEL = "-Owholemodule";
				USE_HEADERMAP = NO;
			};
			name = Release;
		};
		OBJ_68 /* Debug */ = {
			isa = XCBuildConfiguration;
			buildSettings = {
				CLANG_ENABLE_MODULES = YES;
				EMBEDDED_CONTENT_CONTAINS_SWIFT = YES;
				FRAMEWORK_SEARCH_PATHS = (
					"$(inherited)",
					"$(PLATFORM_DIR)/Developer/Library/Frameworks",
				);
				HEADER_SEARCH_PATHS = "$(inherited)";
				INFOPLIST_FILE = VinContent.xcodeproj/VinContentTests_Info.plist;
				LD_RUNPATH_SEARCH_PATHS = "$(inherited) @loader_path/../Frameworks @loader_path/Frameworks";
				OTHER_CFLAGS = "$(inherited)";
				OTHER_LDFLAGS = "$(inherited)";
				OTHER_SWIFT_FLAGS = "$(inherited)";
				SWIFT_ACTIVE_COMPILATION_CONDITIONS = "$(inherited)";
				SWIFT_VERSION = 4.2;
				TARGET_NAME = VinContentTests;
			};
			name = Debug;
		};
		OBJ_69 /* Release */ = {
			isa = XCBuildConfiguration;
			buildSettings = {
				CLANG_ENABLE_MODULES = YES;
				EMBEDDED_CONTENT_CONTAINS_SWIFT = YES;
				FRAMEWORK_SEARCH_PATHS = (
					"$(inherited)",
					"$(PLATFORM_DIR)/Developer/Library/Frameworks",
				);
				HEADER_SEARCH_PATHS = "$(inherited)";
				INFOPLIST_FILE = VinContent.xcodeproj/VinContentTests_Info.plist;
				LD_RUNPATH_SEARCH_PATHS = "$(inherited) @loader_path/../Frameworks @loader_path/Frameworks";
				OTHER_CFLAGS = "$(inherited)";
				OTHER_LDFLAGS = "$(inherited)";
				OTHER_SWIFT_FLAGS = "$(inherited)";
				SWIFT_ACTIVE_COMPILATION_CONDITIONS = "$(inherited)";
				SWIFT_VERSION = 4.2;
				TARGET_NAME = VinContentTests;
			};
			name = Release;
		};
/* End XCBuildConfiguration section */

/* Begin XCConfigurationList section */
		OBJ_2 /* Build configuration list for PBXProject "VinContent" */ = {
			isa = XCConfigurationList;
			buildConfigurations = (
				OBJ_3 /* Debug */,
				OBJ_4 /* Release */,
			);
			defaultConfigurationIsVisible = 0;
			defaultConfigurationName = Release;
		};
		OBJ_34 /* Build configuration list for PBXNativeTarget "VinContent" */ = {
			isa = XCConfigurationList;
			buildConfigurations = (
				OBJ_35 /* Debug */,
				OBJ_36 /* Release */,
			);
			defaultConfigurationIsVisible = 0;
			defaultConfigurationName = Release;
		};
		OBJ_67 /* Build configuration list for PBXNativeTarget "VinContentTests" */ = {
			isa = XCConfigurationList;
			buildConfigurations = (
				OBJ_68 /* Debug */,
				OBJ_69 /* Release */,
			);
			defaultConfigurationIsVisible = 0;
			defaultConfigurationName = Release;
		};
/* End XCConfigurationList section */
	};
	rootObject = OBJ_1 /* Project object */;
}
